
Microsoft Visual Studio Solution File, Format Version 12.00
# Visual Studio Version 17
VisualStudioVersion = 17.14.36127.28 d17.14
MinimumVisualStudioVersion = 10.0.40219.1
Project("{FAE04EC0-301F-11D3-BF4B-00C04F79EFBC}") = "GoldCoreSchedule", "GoldCoreSchedule\GoldCoreSchedule.csproj", "{A202E413-8972-4DA2-BF77-57EE4961FB45}"
EndProject
Global
	GlobalSection(SolutionConfigurationPlatforms) = preSolution
		Debug|Any CPU = Debug|Any CPU
		Release|Any CPU = Release|Any CPU
	EndGlobalSection
	GlobalSection(ProjectConfigurationPlatforms) = postSolution
		{A202E413-8972-4DA2-BF77-57EE4961FB45}.Debug|Any CPU.ActiveCfg = Debug|Any CPU
		{A202E413-8972-4DA2-BF77-57EE4961FB45}.Debug|Any CPU.Build.0 = Debug|Any CPU
		{A202E413-8972-4DA2-BF77-57EE4961FB45}.Release|Any CPU.ActiveCfg = Release|Any CPU
		{A202E413-8972-4DA2-BF77-57EE4961FB45}.Release|Any CPU.Build.0 = Release|Any CPU
	EndGlobalSection
	GlobalSection(SolutionProperties) = preSolution
		HideSolutionNode = FALSE
	EndGlobalSection
	GlobalSection(ExtensibilityGlobals) = postSolution
		SolutionGuid = {85B18195-203B-424D-8185-7D5744B785E6}
	EndGlobalSection
EndGlobal
